version = 1
revision = 3
requires-python = ">=3.12"

[manifest]
constraints = [
    { name = "django", specifier = "<6.0" },
    { name = "elasticsearch", specifier = "<7.14.0" },
    { name = "pip", specifier = "<26.2.1" },
    { name = "pymongo", specifier = "<4.4.1" },
    { name = "social-auth-app-django", specifier = "<6.0.0" },
    { name = "social-auth-core", specifier = "<5.0.0" },
]

[[package]]
name = "click"
version = "8.4.2"
source = { registry = "https://pypi.org/simple" }
dependencies = [
    { name = "colorama", marker = "sys_platform == 'win32'" },
]
sdist = { url = "https://files.pythonhosted.org/packages/76/d4/81420972a676e8ffea40450d8c8c92943e7218a78fe9b64359836cc9876b/click-8.4.2.tar.gz", hash = "sha256:9a6cea6e60b17ebe0a44c5cc636d94f09bd66142c1cd7d8b4cd731c4917a15f6", size = 338000, upload-time = "2026-06-24T17:45:15.148Z" }
wheels = [
    { url = "https://files.pythonhosted.org/packages/fb/e2/79c688af8b210d232694e31e59da9f6ec747bae31c3f5946e4e9b98860d5/click-8.4.2-py3-none-any.whl", hash = "sha256:e6f9f66136c816745b9d65817da91d61d957fb16e02e4dcd0552553c5a197b76", size = 119243, upload-time = "2026-06-24T17:45:13.73Z" },
]

[[package]]
name = "click-log"
version = "0.4.0"
source = { registry = "https://pypi.org/simple" }
dependencies = [
    { name = "click" },
]
sdist = { url = "https://files.pythonhosted.org/packages/32/32/228be4f971e4bd556c33d52a22682bfe318ffe57a1ddb7a546f347a90260/click-log-0.4.0.tar.gz", hash = "sha256:3970f8570ac54491237bcdb3d8ab5e3eef6c057df29f8c3d1151a51a9c23b975", size = 9985, upload-time = "2022-03-13T11:10:15.262Z" }
wheels = [
    { url = "https://files.pythonhosted.org/packages/ae/5a/4f025bc751087833686892e17e7564828e409c43b632878afeae554870cd/click_log-0.4.0-py2.py3-none-any.whl", hash = "sha256:a43e394b528d52112af599f2fc9e4b7cf3c15f94e53581f74fa6867e68c91756", size = 4273, upload-time = "2022-03-13T11:10:17.594Z" },
]

[[package]]
name = "colorama"
version = "0.4.6"
source = { registry = "https://pypi.org/simple" }
sdist = { url = "https://files.pythonhosted.org/packages/d8/53/6f443c9a4a8358a93a6792e2acffb9d9d5cb0a5cfd8802644b7b1c9a02e4/colorama-0.4.6.tar.gz", hash = "sha256:08695f5cb7ed6e0531a20572697297273c47b8cae5a63ffc6d6ed5c201be6e44", size = 27697, upload-time = "2022-10-25T02:36:22.414Z" }
wheels = [
    { url = "https://files.pythonhosted.org/packages/d1/d6/3965ed04c63042e047cb6a3e6ed1a63a35087b6a609aa3a15ed8ac56c221/colorama-0.4.6-py2.py3-none-any.whl", hash = "sha256:4f1d9991f5acc0ca119f9d443620b77f9d6b33703e51011c16baf57afb285fc6", size = 25335, upload-time = "2022-10-25T02:36:20.889Z" },
]

[[package]]
name = "ddt"
version = "1.7.2"
source = { registry = "https://pypi.org/simple" }
sdist = { url = "https://files.pythonhosted.org/packages/51/d4/bdea45c5c1f1f0ae55844d841101b00905c9863ee1004da37d911253abb2/ddt-1.7.2.tar.gz", hash = "sha256:d215d6b083963013c4a19b1e4dcd6a96e80e43ab77519597a6acfcf2e9a3e04b", size = 13673, upload-time = "2024-02-26T01:36:33.737Z" }
wheels = [
    { url = "https://files.pythonhosted.org/packages/61/7c/38d1aec205833096eddefcbb3492fbb2c886e74174c72bc160da9522b2f0/ddt-1.7.2-py2.py3-none-any.whl", hash = "sha256:6adcfaf9785f0a36f9e73a89b91e412de9ef8649e289b750e3683bc79d5e2354", size = 7065, upload-time = "2024-02-26T01:36:32.45Z" },
]

[[package]]
name = "dnspython"
version = "2.8.0"
source = { registry = "https://pypi.org/simple" }
sdist = { url = "https://files.pythonhosted.org/packages/8c/8b/57666417c0f90f08bcafa776861060426765fdb422eb10212086fb811d26/dnspython-2.8.0.tar.gz", hash = "sha256:181d3c6996452cb1189c4046c61599b84a5a86e099562ffde77d26984ff26d0f", size = 368251, upload-time = "2025-09-07T18:58:00.022Z" }
wheels = [
    { url = "https://files.pythonhosted.org/packages/ba/5a/18ad964b0086c6e62e2e7500f7edc89e3faa45033c71c1893d34eed2b2de/dnspython-2.8.0-py3-none-any.whl", hash = "sha256:01d9bbc4a2d76bf0db7c1f729812ded6d912bd318d3b1cf81d30c0f845dbf3af", size = 331094, upload-time = "2025-09-07T18:57:58.071Z" },
]

[[package]]
name = "edx-opaque-keys"
version = "4.0.0"
source = { registry = "https://pypi.org/simple" }
dependencies = [
    { name = "pymongo" },
    { name = "stevedore" },
    { name = "typing-extensions" },
]
sdist = { url = "https://files.pythonhosted.org/packages/78/12/eeb5e5431f7e600875e620bd2592f77f04ee509f474f52cc6b0ab1f4312b/edx_opaque_keys-4.0.0.tar.gz", hash = "sha256:d9c06793cf99629836432f2a9f34b0bb24ad7a66a1e397ffa716f714aa43b269", size = 68222, upload-time = "2026-04-02T19:00:56.247Z" }
wheels = [
    { url = "https://files.pythonhosted.org/packages/39/1b/e9edebd12fd461b605691759a01c12e73a78cb50a4cd0b04ab58bb8303d9/edx_opaque_keys-4.0.0-py3-none-any.whl", hash = "sha256:dab0fd985b13d6d6515049606f93684d1eb284207b6d5e8da0721e29efdd0088", size = 77651, upload-time = "2026-04-02T19:00:55.259Z" },
]

[[package]]
name = "edx-platform-structures-pruning-scripts"
version = "0.1"
source = { virtual = "." }
dependencies = [
    { name = "click" },
    { name = "click-log" },
    { name = "edx-opaque-keys" },
    { name = "pymongo" },
]

[package.dev-dependencies]
test = [
    { name = "ddt" },
    { name = "pytest" },
]

[package.metadata]
requires-dist = [
    { name = "click" },
    { name = "click-log" },
    { name = "edx-opaque-keys" },
    { name = "pymongo" },
]

[package.metadata.requires-dev]
test = [
    { name = "ddt" },
    { name = "pytest" },
]

[[package]]
name = "iniconfig"
version = "2.3.0"
source = { registry = "https://pypi.org/simple" }
sdist = { url = "https://files.pythonhosted.org/packages/72/34/14ca021ce8e5dfedc35312d08ba8bf51fdd999c576889fc2c24cb97f4f10/iniconfig-2.3.0.tar.gz", hash = "sha256:c76315c77db068650d49c5b56314774a7804df16fee4402c1f19d6d15d8c4730", size = 20503, upload-time = "2025-10-18T21:55:43.219Z" }
wheels = [
    { url = "https://files.pythonhosted.org/packages/cb/b1/3846dd7f199d53cb17f49cba7e651e9ce294d8497c8c150530ed11865bb8/iniconfig-2.3.0-py3-none-any.whl", hash = "sha256:f631c04d2c48c52b84d0d0549c99ff3859c98df65b3101406327ecc7d53fbf12", size = 7484, upload-time = "2025-10-18T21:55:41.639Z" },
]

[[package]]
name = "packaging"
version = "26.2"
source = { registry = "https://pypi.org/simple" }
sdist = { url = "https://files.pythonhosted.org/packages/d7/f1/e7a6dd94a8d4a5626c03e4e99c87f241ba9e350cd9e6d75123f992427270/packaging-26.2.tar.gz", hash = "sha256:ff452ff5a3e828ce110190feff1178bb1f2ea2281fa2075aadb987c2fb221661", size = 228134, upload-time = "2026-04-24T20:15:23.917Z" }
wheels = [
    { url = "https://files.pythonhosted.org/packages/df/b2/87e62e8c3e2f4b32e5fe99e0b86d576da1312593b39f47d8ceef365e95ed/packaging-26.2-py3-none-any.whl", hash = "sha256:5fc45236b9446107ff2415ce77c807cee2862cb6fac22b8a73826d0693b0980e", size = 100195, upload-time = "2026-04-24T20:15:22.081Z" },
]

[[package]]
name = "pluggy"
version = "1.6.0"
source = { registry = "https://pypi.org/simple" }
sdist = { url = "https://files.pythonhosted.org/packages/f9/e2/3e91f31a7d2b083fe6ef3fa267035b518369d9511ffab804f839851d2779/pluggy-1.6.0.tar.gz", hash = "sha256:7dcc130b76258d33b90f61b658791dede3486c3e6bfb003ee5c9bfb396dd22f3", size = 69412, upload-time = "2025-05-15T12:30:07.975Z" }
wheels = [
    { url = "https://files.pythonhosted.org/packages/54/20/4d324d65cc6d9205fabedc306948156824eb9f0ee1633355a8f7ec5c66bf/pluggy-1.6.0-py3-none-any.whl", hash = "sha256:e920276dd6813095e9377c0bc5566d94c932c33b27a3e3945d8389c374dd4746", size = 20538, upload-time = "2025-05-15T12:30:06.134Z" },
]

[[package]]
name = "pygments"
version = "2.20.0"
source = { registry = "https://pypi.org/simple" }
sdist = { url = "https://files.pythonhosted.org/packages/c3/b2/bc9c9196916376152d655522fdcebac55e66de6603a76a02bca1b6414f6c/pygments-2.20.0.tar.gz", hash = "sha256:6757cd03768053ff99f3039c1a36d6c0aa0b263438fcab17520b30a303a82b5f", size = 4955991, upload-time = "2026-03-29T13:29:33.898Z" }
wheels = [
    { url = "https://files.pythonhosted.org/packages/f4/7e/a72dd26f3b0f4f2bf1dd8923c85f7ceb43172af56d63c7383eb62b332364/pygments-2.20.0-py3-none-any.whl", hash = "sha256:81a9e26dd42fd28a23a2d169d86d7ac03b46e2f8b59ed4698fb4785f946d0176", size = 1231151, upload-time = "2026-03-29T13:29:30.038Z" },
]

[[package]]
name = "pymongo"
version = "4.4.0"
source = { registry = "https://pypi.org/simple" }
dependencies = [
    { name = "dnspython" },
]
sdist = { url = "https://files.pythonhosted.org/packages/ee/49/f2487573da7a2ee0e19ca488a235a23338b076e670368d447095b634c605/pymongo-4.4.0.tar.gz", hash = "sha256:a1b5d286fee4b9b5a0312faede02f2ce2f56ac695685af1d25f428abdac9a22c", size = 828425, upload-time = "2023-06-21T17:59:09.253Z" }

[[package]]
name = "pytest"
version = "9.1.1"
source = { registry = "https://pypi.org/simple" }
dependencies = [
    { name = "colorama", marker = "sys_platform == 'win32'" },
    { name = "iniconfig" },
    { name = "packaging" },
    { name = "pluggy" },
    { name = "pygments" },
]
sdist = { url = "https://files.pythonhosted.org/packages/e4/47/b9efed96c114afcfa3c9d3fe98a76a1d14c74a9e266d397cf6eb64be5e01/pytest-9.1.1.tar.gz", hash = "sha256:1088fbde8f2b49d95a549a195707afa7a76a3ce9bcadc26b6d71f0ffda5fe313", size = 1636369, upload-time = "2026-06-19T10:58:32.857Z" }
wheels = [
    { url = "https://files.pythonhosted.org/packages/24/25/1de2678b631f5a49215c6c96fff41ba892b0a34df68d6d80292b1b48aa7f/pytest-9.1.1-py3-none-any.whl", hash = "sha256:37a86b45efb9a47a61a36449063e8e18d0cab3161329fc099eb21783169c4f0c", size = 386536, upload-time = "2026-06-19T10:58:31.347Z" },
]

[[package]]
name = "stevedore"
version = "5.8.0"
source = { registry = "https://pypi.org/simple" }
sdist = { url = "https://files.pythonhosted.org/packages/e9/88/35e4d27d9177d7df76d060e0a18f69c6c5794c96960c94042e20a12c8ba2/stevedore-5.8.0.tar.gz", hash = "sha256:b49867b32ca3016e94100e68dbf26e72aa7b8708d0a3f73c08aeb220370ac715", size = 514710, upload-time = "2026-05-18T09:15:27.731Z" }
wheels = [
    { url = "https://files.pythonhosted.org/packages/f5/ac/19f9941c74add59d17694930ec8105d5eddeee4ce56dd8632b765ca16d6c/stevedore-5.8.0-py3-none-any.whl", hash = "sha256:88eede9e66ca80e34085b9174e2327da2c61ac91f24f70e41c3ad76e4bb4872b", size = 54553, upload-time = "2026-05-18T09:15:25.82Z" },
]

[[package]]
name = "typing-extensions"
version = "4.15.0"
source = { registry = "https://pypi.org/simple" }
sdist = { url = "https://files.pythonhosted.org/packages/72/94/1a15dd82efb362ac84269196e94cf00f187f7ed21c242792a923cdb1c61f/typing_extensions-4.15.0.tar.gz", hash = "sha256:0cea48d173cc12fa28ecabc3b837ea3cf6f38c6d1136f85cbaaf598984861466", size = 109391, upload-time = "2025-08-25T13:49:26.313Z" }
wheels = [
    { url = "https://files.pythonhosted.org/packages/18/67/36e9267722cc04a6b9f15c7f3441c2363321a3ea07da7ae0c0707beb2a9c/typing_extensions-4.15.0-py3-none-any.whl", hash = "sha256:f0fa19c6845758ab08074a0cfa8b7aecb71c999ca73d62883bc25cc018c4e548", size = 44614, upload-time = "2025-08-25T13:49:24.86Z" },
]
